
Microsoft Visual Studio Solution File, Format Version 12.00
# Visual Studio Version 16
VisualStudioVersion = 16.0.32428.217
MinimumVisualStudioVersion = 10.0.40219.1
Project("{FAE04EC0-301F-11D3-BF4B-00C04F79EFBC}") = "imaint-barcode-v2", "imaint-barcode-v2\imaint-barcode-v2.csproj", "{359763B0-2589-4DD7-AC6F-36A5765BC3B0}"
EndProject
Project("{FAE04EC0-301F-11D3-BF4B-00C04F79EFBC}") = "Logging", "Logging\Logging.csproj", "{2F5CEF7E-B58B-40BA-B4BB-F14A5EDF23CD}"
EndProject
Global
	GlobalSection(SolutionConfigurationPlatforms) = preSolution
		Debug|Any CPU = Debug|Any CPU
		Release|Any CPU = Release|Any CPU
	EndGlobalSection
	GlobalSection(ProjectConfigurationPlatforms) = postSolution
		{359763B0-2589-4DD7-AC6F-36A5765BC3B0}.Debug|Any CPU.ActiveCfg = Debug|Any CPU
		{359763B0-2589-4DD7-AC6F-36A5765BC3B0}.Debug|Any CPU.Build.0 = Debug|Any CPU
		{359763B0-2589-4DD7-AC6F-36A5765BC3B0}.Release|Any CPU.ActiveCfg = Release|Any CPU
		{359763B0-2589-4DD7-AC6F-36A5765BC3B0}.Release|Any CPU.Build.0 = Release|Any CPU
		{2F5CEF7E-B58B-40BA-B4BB-F14A5EDF23CD}.Debug|Any CPU.ActiveCfg = Debug|Any CPU
		{2F5CEF7E-B58B-40BA-B4BB-F14A5EDF23CD}.Debug|Any CPU.Build.0 = Debug|Any CPU
		{2F5CEF7E-B58B-40BA-B4BB-F14A5EDF23CD}.Release|Any CPU.ActiveCfg = Release|Any CPU
		{2F5CEF7E-B58B-40BA-B4BB-F14A5EDF23CD}.Release|Any CPU.Build.0 = Release|Any CPU
	EndGlobalSection
	GlobalSection(SolutionProperties) = preSolution
		HideSolutionNode = FALSE
	EndGlobalSection
	GlobalSection(ExtensibilityGlobals) = postSolution
		SolutionGuid = {2406BC2A-E80B-415E-BA88-9D4C6194A66D}
	EndGlobalSection
EndGlobal
